{
    "_readme": [
        "This file locks the dependencies of your project to a known state",
        "Read more about it at http://getcomposer.org/doc/01-basic-usage.md#composer-lock-the-lock-file"
    ],
    "hash": "474760a9a670577a593b632a1728ea4f",
    "packages": [
        {
            "name": "composer/installers",
            "version": "v1.0.7",
            "source": {
                "type": "git",
                "url": "https://github.com/composer/installers.git",
                "reference": "d792632d27e1980d921cbbba12eab7b888338d4c"
            },
            "dist": {
                "type": "zip",
                "url": "https://api.github.com/repos/composer/installers/zipball/d792632d27e1980d921cbbba12eab7b888338d4c",
                "reference": "d792632d27e1980d921cbbba12eab7b888338d4c",
                "shasum": ""
            },
            "replace": {
                "shama/baton": "*"
            },
            "require-dev": {
                "composer/composer": "1.0.*@dev",
                "phpunit/phpunit": "3.7.*"
            },
            "type": "composer-installer",
            "extra": {
                "class": "Composer\\Installers\\Installer",
                "branch-alias": {
                    "dev-master": "1.0-dev"
                }
            },
            "autoload": {
                "psr-0": {
                    "Composer\\Installers\\": "src/"
                }
            },
            "notification-url": "https://packagist.org/downloads/",
            "license": [
                "MIT"
            ],
            "authors": [
                {
                    "name": "Kyle Robinson Young",
                    "email": "kyle@dontkry.com",
                    "homepage": "https://github.com/shama",
                    "role": "Developer"
                }
            ],
            "description": "A multi-framework Composer library installer",
            "homepage": "http://composer.github.com/installers/",
            "keywords": [
                "TYPO3 CMS",
                "TYPO3 Flow",
                "TYPO3 Neos",
                "agl",
                "cakephp",
                "codeigniter",
                "concrete5",
                "drupal",
                "fuelphp",
                "installer",
                "joomla",
                "kohana",
                "laravel",
                "li3",
                "lithium",
                "mako",
                "modulework",
                "phpbb",
                "ppi",
                "silverstripe",
                "symfony",
                "wordpress",
                "zend"
            ],
            "time": "2013-10-24 16:13:49"
        },
        {
            "name": "ptahdunbar/wp-skeleton-plugin",
            "version": "dev-muplugins",
            "source": {
                "type": "git",
                "url": "https://github.com/ptahdunbar/wp-skeleton-plugin.git",
                "reference": "20461ad09db5cccd1259514a0225b55fb1e98da3"
            },
            "dist": {
                "type": "zip",
                "url": "https://api.github.com/repos/ptahdunbar/wp-skeleton-plugin/zipball/20461ad09db5cccd1259514a0225b55fb1e98da3",
                "reference": "20461ad09db5cccd1259514a0225b55fb1e98da3",
                "shasum": ""
            },
            "require": {
                "php": ">=5.4"
            },
            "require-dev": {
                "behat/behat": "2.4.*@stable",
                "behat/mink": "1.4.*@stable",
                "behat/mink-extension": "*",
                "behat/mink-goutte-driver": "*",
                "behat/mink-selenium2-driver": "*",
                "facebook/webdriver": "*",
                "phing/phing": "dev-master",
                "phpunit/dbunit": "1.2.*@dev",
                "phpunit/phpunit": "3.7.*",
                "phpunit/phpunit-selenium": "*",
                "whatthejeff/nyancat-phpunit-resultprinter": "~1.1"
            },
            "type": "wordpress-muplugin",
            "notification-url": "https://packagist.org/downloads/",
            "license": [
                "GPL-2.0+"
            ],
            "authors": [
                {
                    "name": "Ptah Dunbar",
                    "email": "yarr@piratedunbar.com",
                    "homepage": "http://piratedunbar.com"
                }
            ],
            "description": "A walking skeleton WordPress plugin. -_O",
            "homepage": "https://github.com/ptahdunbar/wp-skeleton-plugin",
            "keywords": [
                "Skeleton",
                "php",
                "plugins",
                "themes",
                "wordpress"
            ],
            "time": "2013-12-17 00:41:14"
        },
        {
            "name": "ptahdunbar/wp-skeleton-theme",
            "version": "dev-master",
            "source": {
                "type": "git",
                "url": "https://github.com/ptahdunbar/wp-skeleton-theme.git",
                "reference": "89721ddb6f04e3edf935624aa4502ca97155aa0b"
            },
            "dist": {
                "type": "zip",
                "url": "https://api.github.com/repos/ptahdunbar/wp-skeleton-theme/zipball/89721ddb6f04e3edf935624aa4502ca97155aa0b",
                "reference": "89721ddb6f04e3edf935624aa4502ca97155aa0b",
                "shasum": ""
            },
            "require": {
                "php": ">=5.4"
            },
            "require-dev": {
                "behat/behat": "2.4.*@stable",
                "behat/mink": "1.4.*@stable",
                "behat/mink-extension": "*",
                "behat/mink-goutte-driver": "*",
                "behat/mink-selenium2-driver": "*",
                "facebook/webdriver": "*",
                "phing/phing": "dev-master",
                "phpunit/dbunit": "1.2.*@dev",
                "phpunit/phpunit": "3.7.*",
                "phpunit/phpunit-selenium": "*",
                "whatthejeff/nyancat-phpunit-resultprinter": "~1.1"
            },
            "type": "wordpress-theme",
            "notification-url": "https://packagist.org/downloads/",
            "license": [
                "GPL-2.0+"
            ],
            "authors": [
                {
                    "name": "Ptah Dunbar",
                    "email": "yarr@piratedunbar.com",
                    "homepage": "http://piratedunbar.com"
                }
            ],
            "description": "A walking skeleton WordPress theme. -_O",
            "homepage": "https://github.com/ptahdunbar/wp-skeleton-theme",
            "keywords": [
                "Skeleton",
                "php",
                "plugins",
                "themes",
                "wordpress"
            ],
            "time": "2013-12-10 06:06:58"
        },
        {
            "name": "wordpress/core",
            "version": "3.8",
            "source": {
                "type": "git",
                "url": "https://github.com/WordPress/WordPress",
                "reference": "3.8"
            },
            "dist": {
                "type": "zip",
                "url": "https://github.com/WordPress/WordPress/archive/3.8-branch.zip",
                "reference": null,
                "shasum": null
            },
            "require": {
                "composer/installers": "~1.0"
            },
            "type": "drupal-module"
        }
    ],
    "packages-dev": [
        {
            "name": "dbpatch/dbpatch",
            "version": "dev-master",
            "source": {
                "type": "git",
                "url": "https://github.com/dbpatch/DbPatch.git",
                "reference": "ee40d5ae89a86a91bfe77d86ff703fa6b95a6528"
            },
            "dist": {
                "type": "zip",
                "url": "https://api.github.com/repos/dbpatch/DbPatch/zipball/ee40d5ae89a86a91bfe77d86ff703fa6b95a6528",
                "reference": "ee40d5ae89a86a91bfe77d86ff703fa6b95a6528",
                "shasum": ""
            },
            "require": {
                "php": ">=5.1.0"
            },
            "bin": [
                "bin/dbpatch.php"
            ],
            "type": "library",
            "notification-url": "https://packagist.org/downloads/",
            "license": [
                "BSD"
            ],
            "authors": [
                {
                    "name": "Sandy Pleyte"
                },
                {
                    "name": "Martijn de Letter"
                }
            ],
            "description": "DbPatch is a commandline utility to manage/track (my)sql/php patch files.",
            "homepage": "http://www.dbpatch-project.com/",
            "keywords": [
                "database",
                "db",
                "migrations"
            ],
            "time": "2013-09-11 20:35:15"
        },
        {
            "name": "robmorgan/phinx",
            "version": "v0.2.9",
            "source": {
                "type": "git",
                "url": "https://github.com/robmorgan/phinx.git",
                "reference": "c9d6fa7f053f783d94e3c3ade99dbeec16805368"
            },
            "dist": {
                "type": "zip",
                "url": "https://api.github.com/repos/robmorgan/phinx/zipball/c9d6fa7f053f783d94e3c3ade99dbeec16805368",
                "reference": "c9d6fa7f053f783d94e3c3ade99dbeec16805368",
                "shasum": ""
            },
            "require": {
                "php": ">=5.3.2",
                "symfony/class-loader": "2.*",
                "symfony/config": "2.*",
                "symfony/console": "2.*",
                "symfony/yaml": "2.*"
            },
            "require-dev": {
                "phpunit/phpunit": "3.7.*"
            },
            "bin": [
                "bin/phinx"
            ],
            "type": "library",
            "autoload": {
                "psr-0": {
                    "Phinx": "src/"
                }
            },
            "notification-url": "https://packagist.org/downloads/",
            "license": [
                "MIT"
            ],
            "authors": [
                {
                    "name": "Rob Morgan",
                    "email": "robbym@gmail.com",
                    "homepage": "http://robmorgan.id.au"
                }
            ],
            "description": "Phinx makes it ridiculously easy to manage the database migrations for your PHP app.",
            "homepage": "http://phinx.org",
            "keywords": [
                "database",
                "database migrations",
                "db",
                "migrations",
                "phinx"
            ],
            "time": "2013-11-16 13:49:20"
        },
        {
            "name": "symfony/class-loader",
            "version": "v2.4.0",
            "target-dir": "Symfony/Component/ClassLoader",
            "source": {
                "type": "git",
                "url": "https://github.com/symfony/ClassLoader.git",
                "reference": "6a2ebedbc780130f07b3a15363743d08eb46820c"
            },
            "dist": {
                "type": "zip",
                "url": "https://api.github.com/repos/symfony/ClassLoader/zipball/6a2ebedbc780130f07b3a15363743d08eb46820c",
                "reference": "6a2ebedbc780130f07b3a15363743d08eb46820c",
                "shasum": ""
            },
            "require": {
                "php": ">=5.3.3"
            },
            "require-dev": {
                "symfony/finder": "~2.0"
            },
            "type": "library",
            "extra": {
                "branch-alias": {
                    "dev-master": "2.4-dev"
                }
            },
            "autoload": {
                "psr-0": {
                    "Symfony\\Component\\ClassLoader\\": ""
                }
            },
            "notification-url": "https://packagist.org/downloads/",
            "license": [
                "MIT"
            ],
            "authors": [
                {
                    "name": "Fabien Potencier",
                    "email": "fabien@symfony.com"
                },
                {
                    "name": "Symfony Community",
                    "homepage": "http://symfony.com/contributors"
                }
            ],
            "description": "Symfony ClassLoader Component",
            "homepage": "http://symfony.com",
            "time": "2013-11-26 16:40:27"
        },
        {
            "name": "symfony/config",
            "version": "v2.4.0",
            "target-dir": "Symfony/Component/Config",
            "source": {
                "type": "git",
                "url": "https://github.com/symfony/Config.git",
                "reference": "16068f76c0af74968f3ad8fcec3eb90df1fde394"
            },
            "dist": {
                "type": "zip",
                "url": "https://api.github.com/repos/symfony/Config/zipball/16068f76c0af74968f3ad8fcec3eb90df1fde394",
                "reference": "16068f76c0af74968f3ad8fcec3eb90df1fde394",
                "shasum": ""
            },
            "require": {
                "php": ">=5.3.3",
                "symfony/filesystem": "~2.3"
            },
            "type": "library",
            "extra": {
                "branch-alias": {
                    "dev-master": "2.4-dev"
                }
            },
            "autoload": {
                "psr-0": {
                    "Symfony\\Component\\Config\\": ""
                }
            },
            "notification-url": "https://packagist.org/downloads/",
            "license": [
                "MIT"
            ],
            "authors": [
                {
                    "name": "Fabien Potencier",
                    "email": "fabien@symfony.com"
                },
                {
                    "name": "Symfony Community",
                    "homepage": "http://symfony.com/contributors"
                }
            ],
            "description": "Symfony Config Component",
            "homepage": "http://symfony.com",
            "time": "2013-11-26 16:40:27"
        },
        {
            "name": "symfony/console",
            "version": "v2.4.0",
            "target-dir": "Symfony/Component/Console",
            "source": {
                "type": "git",
                "url": "https://github.com/symfony/Console.git",
                "reference": "3c1496ae96d24ccc6c340fcc25f71d7a1ab4c12c"
            },
            "dist": {
                "type": "zip",
                "url": "https://api.github.com/repos/symfony/Console/zipball/3c1496ae96d24ccc6c340fcc25f71d7a1ab4c12c",
                "reference": "3c1496ae96d24ccc6c340fcc25f71d7a1ab4c12c",
                "shasum": ""
            },
            "require": {
                "php": ">=5.3.3"
            },
            "require-dev": {
                "symfony/event-dispatcher": "~2.1"
            },
            "suggest": {
                "symfony/event-dispatcher": ""
            },
            "type": "library",
            "extra": {
                "branch-alias": {
                    "dev-master": "2.4-dev"
                }
            },
            "autoload": {
                "psr-0": {
                    "Symfony\\Component\\Console\\": ""
                }
            },
            "notification-url": "https://packagist.org/downloads/",
            "license": [
                "MIT"
            ],
            "authors": [
                {
                    "name": "Fabien Potencier",
                    "email": "fabien@symfony.com"
                },
                {
                    "name": "Symfony Community",
                    "homepage": "http://symfony.com/contributors"
                }
            ],
            "description": "Symfony Console Component",
            "homepage": "http://symfony.com",
            "time": "2013-11-27 09:10:40"
        },
        {
            "name": "symfony/filesystem",
            "version": "v2.4.0",
            "target-dir": "Symfony/Component/Filesystem",
            "source": {
                "type": "git",
                "url": "https://github.com/symfony/Filesystem.git",
                "reference": "79acd777762e81d0f3414ca25a602deeeb48240d"
            },
            "dist": {
                "type": "zip",
                "url": "https://api.github.com/repos/symfony/Filesystem/zipball/79acd777762e81d0f3414ca25a602deeeb48240d",
                "reference": "79acd777762e81d0f3414ca25a602deeeb48240d",
                "shasum": ""
            },
            "require": {
                "php": ">=5.3.3"
            },
            "type": "library",
            "extra": {
                "branch-alias": {
                    "dev-master": "2.4-dev"
                }
            },
            "autoload": {
                "psr-0": {
                    "Symfony\\Component\\Filesystem\\": ""
                }
            },
            "notification-url": "https://packagist.org/downloads/",
            "license": [
                "MIT"
            ],
            "authors": [
                {
                    "name": "Fabien Potencier",
                    "email": "fabien@symfony.com"
                },
                {
                    "name": "Symfony Community",
                    "homepage": "http://symfony.com/contributors"
                }
            ],
            "description": "Symfony Filesystem Component",
            "homepage": "http://symfony.com",
            "time": "2013-11-16 15:13:54"
        },
        {
            "name": "symfony/yaml",
            "version": "v2.4.0",
            "target-dir": "Symfony/Component/Yaml",
            "source": {
                "type": "git",
                "url": "https://github.com/symfony/Yaml.git",
                "reference": "1ae235a1b9d3ad3d9f3860ff20acc072df95b7f5"
            },
            "dist": {
                "type": "zip",
                "url": "https://api.github.com/repos/symfony/Yaml/zipball/1ae235a1b9d3ad3d9f3860ff20acc072df95b7f5",
                "reference": "1ae235a1b9d3ad3d9f3860ff20acc072df95b7f5",
                "shasum": ""
            },
            "require": {
                "php": ">=5.3.3"
            },
            "type": "library",
            "extra": {
                "branch-alias": {
                    "dev-master": "2.4-dev"
                }
            },
            "autoload": {
                "psr-0": {
                    "Symfony\\Component\\Yaml\\": ""
                }
            },
            "notification-url": "https://packagist.org/downloads/",
            "license": [
                "MIT"
            ],
            "authors": [
                {
                    "name": "Fabien Potencier",
                    "email": "fabien@symfony.com"
                },
                {
                    "name": "Symfony Community",
                    "homepage": "http://symfony.com/contributors"
                }
            ],
            "description": "Symfony Yaml Component",
            "homepage": "http://symfony.com",
            "time": "2013-11-26 16:40:27"
        }
    ],
    "aliases": [

    ],
    "minimum-stability": "stable",
    "stability-flags": {
        "ptahdunbar/wp-skeleton-theme": 20,
        "ptahdunbar/wp-skeleton-plugin": 20,
        "dbpatch/dbpatch": 20
    },
    "platform": {
        "php": ">=5.4"
    },
    "platform-dev": [

    ]
}
